<?xml version="1.0" encoding="utf-8"?>
<Project ToolsVersion="4.0" xmlns="http://schemas.microsoft.com/developer/msbuild/2003">
  <ItemGroup>
    <Filter Include="Source Files">
      <UniqueIdentifier>{4FC737F1-C7A5-4376-A066-2A32D752A2FF}</UniqueIdentifier>
      <Extensions>cpp;c;cc;cxx;c++;cppm;ixx;def;odl;idl;hpj;bat;asm;asmx</Extensions>
    </Filter>
    <Filter Include="Header Files">
      <UniqueIdentifier>{93995380-89BD-4b04-88EB-625FBE52EBFB}</UniqueIdentifier>
      <Extensions>h;hh;hpp;hxx;h++;hm;inl;inc;ipp;xsd</Extensions>
    </Filter>
    <Filter Include="Resource Files">
      <UniqueIdentifier>{67DA6AB6-F800-4c08-8B7A-83BB121AAD01}</UniqueIdentifier>
      <Extensions>rc;ico;cur;bmp;dlg;rc2;rct;bin;rgs;gif;jpg;jpeg;jpe;resx;tiff;tif;png;wav;mfcribbon-ms</Extensions>
    </Filter>
    <Filter Include="Header Files\Imgui">
      <UniqueIdentifier>{18171c24-e3df-4709-9139-f49a03d7122d}</UniqueIdentifier>
    </Filter>
    <Filter Include="Source Files\Imgui">
      <UniqueIdentifier>{c12666d2-cd3b-419e-ac52-664667142646}</UniqueIdentifier>
    </Filter>
    <Filter Include="Header Files\Implot">
      <UniqueIdentifier>{6dcfcdb8-3673-4aaa-901a-20238a49984e}</UniqueIdentifier>
    </Filter>
    <Filter Include="Source Files\Implot">
      <UniqueIdentifier>{fb4a6ded-4352-4a4e-a1a1-cd1aa6217b92}</UniqueIdentifier>
    </Filter>
  </ItemGroup>
  <ItemGroup>
    <ClCompile Include="application.cpp">
      <Filter>Source Files</Filter>
    </ClCompile>
    <ClCompile Include="camera.cpp">
      <Filter>Source Files</Filter>
    </ClCompile>
    <ClCompile Include="device.cpp">
      <Filter>Source Files</Filter>
    </ClCompile>
    <ClCompile Include="glad.c">
      <Filter>Source Files</Filter>
    </ClCompile>
    <ClCompile Include="main.cpp">
      <Filter>Source Files</Filter>
    </ClCompile>
    <ClCompile Include="shader.cpp">
      <Filter>Source Files</Filter>
    </ClCompile>
    <ClCompile Include="ShaderHolder.cpp">
      <Filter>Source Files</Filter>
    </ClCompile>
    <ClCompile Include="ViewFrustrum.cpp">
      <Filter>Source Files</Filter>
    </ClCompile>
    <ClCompile Include="window.cpp">
      <Filter>Source Files</Filter>
    </ClCompile>
    <ClCompile Include="light.cpp">
      <Filter>Source Files</Filter>
    </ClCompile>
    <ClCompile Include="utils.cpp">
      <Filter>Source Files</Filter>
    </ClCompile>
    <ClCompile Include="imGuiBuilder.cpp">
      <Filter>Source Files</Filter>
    </ClCompile>
    <ClCompile Include="mat.cpp">
      <Filter>Source Files</Filter>
    </ClCompile>
    <ClCompile Include="Imgui\imgui.cpp">
      <Filter>Source Files\Imgui</Filter>
    </ClCompile>
    <ClCompile Include="Imgui\imgui_demo.cpp">
      <Filter>Source Files\Imgui</Filter>
    </ClCompile>
    <ClCompile Include="Imgui\imgui_draw.cpp">
      <Filter>Source Files\Imgui</Filter>
    </ClCompile>
    <ClCompile Include="Imgui\imgui_impl_glfw.cpp">
      <Filter>Source Files\Imgui</Filter>
    </ClCompile>
    <ClCompile Include="Imgui\imgui_impl_opengl3.cpp">
      <Filter>Source Files\Imgui</Filter>
    </ClCompile>
    <ClCompile Include="Imgui\imgui_stdlib.cpp">
      <Filter>Source Files\Imgui</Filter>
    </ClCompile>
    <ClCompile Include="Imgui\imgui_tables.cpp">
      <Filter>Source Files\Imgui</Filter>
    </ClCompile>
    <ClCompile Include="Imgui\imgui_widgets.cpp">
      <Filter>Source Files\Imgui</Filter>
    </ClCompile>
    <ClCompile Include="scene.cpp">
      <Filter>Source Files</Filter>
    </ClCompile>
    <ClCompile Include="Implot\implot.cpp">
      <Filter>Source Files\Implot</Filter>
    </ClCompile>
    <ClCompile Include="Implot\implot_demo.cpp">
      <Filter>Source Files\Implot</Filter>
    </ClCompile>
    <ClCompile Include="Implot\implot_items.cpp">
      <Filter>Source Files\Implot</Filter>
    </ClCompile>
    <ClCompile Include="SpringSimulator.cpp">
      <Filter>Source Files</Filter>
    </ClCompile>
    <ClCompile Include="WhirligigSimulator.cpp">
      <Filter>Source Files</Filter>
    </ClCompile>
    <ClCompile Include="WhirligigCube.cpp">
      <Filter>Source Files</Filter>
    </ClCompile>
    <ClCompile Include="Object.cpp">
      <Filter>Source Files</Filter>
    </ClCompile>
    <ClCompile Include="Plane.cpp">
      <Filter>Source Files</Filter>
    </ClCompile>
    <ClCompile Include="Trajectory.cpp">
      <Filter>Source Files</Filter>
    </ClCompile>
    <ClCompile Include="WhirligigScene.cpp">
      <Filter>Source Files</Filter>
    </ClCompile>
    <ClCompile Include="JellyScene.cpp">
      <Filter>Source Files</Filter>
    </ClCompile>
    <ClCompile Include="Cube.cpp">
      <Filter>Source Files</Filter>
    </ClCompile>
    <ClCompile Include="ControlCube.cpp">
      <Filter>Source Files</Filter>
    </ClCompile>
    <ClCompile Include="BezierCube.cpp">
      <Filter>Source Files</Filter>
    </ClCompile>
    <ClCompile Include="InterpolationScene.cpp">
      <Filter>Source Files</Filter>
    </ClCompile>
    <ClCompile Include="Cursor.cpp">
      <Filter>Source Files</Filter>
    </ClCompile>
    <ClCompile Include="Quaternion.cpp">
      <Filter>Source Files</Filter>
    </ClCompile>
    <ClCompile Include="KinematicChainScene.cpp">
      <Filter>Source Files</Filter>
    </ClCompile>
    <ClCompile Include="Arm.cpp">
      <Filter>Source Files</Filter>
    </ClCompile>
    <ClCompile Include="Block.cpp">
      <Filter>Source Files</Filter>
    </ClCompile>
    <ClCompile Include="Jelly.cpp">
      <Filter>Source Files</Filter>
    </ClCompile>
  </ItemGroup>
  <ItemGroup>
    <ClInclude Include="application.h">
      <Filter>Header Files</Filter>
    </ClInclude>
    <ClInclude Include="camera.h">
      <Filter>Header Files</Filter>
    </ClInclude>
    <ClInclude Include="device.h">
      <Filter>Header Files</Filter>
    </ClInclude>
    <ClInclude Include="shader.h">
      <Filter>Header Files</Filter>
    </ClInclude>
    <ClInclude Include="ShaderHolder.h">
      <Filter>Header Files</Filter>
    </ClInclude>
    <ClInclude Include="ViewFrustrum.h">
      <Filter>Header Files</Filter>
    </ClInclude>
    <ClInclude Include="window.h">
      <Filter>Header Files</Filter>
    </ClInclude>
    <ClInclude Include="light.h">
      <Filter>Header Files</Filter>
    </ClInclude>
    <ClInclude Include="utils.h">
      <Filter>Header Files</Filter>
    </ClInclude>
    <ClInclude Include="imGuiBuilder.h">
      <Filter>Header Files</Filter>
    </ClInclude>
    <ClInclude Include="mat.h">
      <Filter>Header Files</Filter>
    </ClInclude>
    <ClInclude Include="Imgui\imconfig.h">
      <Filter>Header Files\Imgui</Filter>
    </ClInclude>
    <ClInclude Include="Imgui\imgui.h">
      <Filter>Header Files\Imgui</Filter>
    </ClInclude>
    <ClInclude Include="Imgui\imgui_impl_glfw.h">
      <Filter>Header Files\Imgui</Filter>
    </ClInclude>
    <ClInclude Include="Imgui\imgui_impl_opengl3.h">
      <Filter>Header Files\Imgui</Filter>
    </ClInclude>
    <ClInclude Include="Imgui\imgui_internal.h">
      <Filter>Header Files\Imgui</Filter>
    </ClInclude>
    <ClInclude Include="Imgui\imgui_stdlib.h">
      <Filter>Header Files\Imgui</Filter>
    </ClInclude>
    <ClInclude Include="Imgui\imstb_rectpack.h">
      <Filter>Header Files\Imgui</Filter>
    </ClInclude>
    <ClInclude Include="Imgui\imstb_textedit.h">
      <Filter>Header Files\Imgui</Filter>
    </ClInclude>
    <ClInclude Include="Imgui\imstb_truetype.h">
      <Filter>Header Files\Imgui</Filter>
    </ClInclude>
    <ClInclude Include="scene.h">
      <Filter>Header Files</Filter>
    </ClInclude>
    <ClInclude Include="Implot\implot.h">
      <Filter>Header Files\Implot</Filter>
    </ClInclude>
    <ClInclude Include="Implot\implot_internal.h">
      <Filter>Header Files\Implot</Filter>
    </ClInclude>
    <ClInclude Include="SpringSimulator.h">
      <Filter>Header Files</Filter>
    </ClInclude>
    <ClInclude Include="WhirligigSimulator.h">
      <Filter>Header Files</Filter>
    </ClInclude>
    <ClInclude Include="WhirligigCube.h">
      <Filter>Header Files</Filter>
    </ClInclude>
    <ClInclude Include="Object.h">
      <Filter>Header Files</Filter>
    </ClInclude>
    <ClInclude Include="Plane.h">
      <Filter>Header Files</Filter>
    </ClInclude>
    <ClInclude Include="Trajectory.h">
      <Filter>Header Files</Filter>
    </ClInclude>
    <ClInclude Include="WhirligigScene.h">
      <Filter>Header Files</Filter>
    </ClInclude>
    <ClInclude Include="JellyScene.h">
      <Filter>Header Files</Filter>
    </ClInclude>
    <ClInclude Include="Cube.h">
      <Filter>Header Files</Filter>
    </ClInclude>
    <ClInclude Include="ControlCube.h">
      <Filter>Header Files</Filter>
    </ClInclude>
    <ClInclude Include="BezierCube.h">
      <Filter>Header Files</Filter>
    </ClInclude>
    <ClInclude Include="InterpolationScene.h">
      <Filter>Header Files</Filter>
    </ClInclude>
    <ClInclude Include="Cursor.h">
      <Filter>Header Files</Filter>
    </ClInclude>
    <ClInclude Include="Quaternion.h">
      <Filter>Header Files</Filter>
    </ClInclude>
    <ClInclude Include="KinematicChainScene.h">
      <Filter>Header Files</Filter>
    </ClInclude>
    <ClInclude Include="Arm.h">
      <Filter>Header Files</Filter>
    </ClInclude>
    <ClInclude Include="Block.h">
      <Filter>Header Files</Filter>
    </ClInclude>
    <ClInclude Include="Jelly.h">
      <Filter>Header Files</Filter>
    </ClInclude>
  </ItemGroup>
  <ItemGroup>
    <None Include="Shaders\simple.fs">
      <Filter>Resource Files</Filter>
    </None>
    <None Include="Shaders\simple.vs">
      <Filter>Resource Files</Filter>
    </None>
    <None Include="Shaders\pointFS.glsl">
      <Filter>Resource Files</Filter>
    </None>
    <None Include="Shaders\pointVS.glsl">
      <Filter>Resource Files</Filter>
    </None>
    <None Include="Shaders\point.fs">
      <Filter>Resource Files</Filter>
    </None>
    <None Include="Shaders\point.vs">
      <Filter>Resource Files</Filter>
    </None>
    <None Include="Shaders\bicubicFS.glsl">
      <Filter>Resource Files</Filter>
    </None>
    <None Include="Shaders\bicubicTCS.glsl">
      <Filter>Resource Files</Filter>
    </None>
    <None Include="Shaders\bicubicVS.glsl">
      <Filter>Resource Files</Filter>
    </None>
    <None Include="Shaders\deCasteljauTES.glsl">
      <Filter>Resource Files</Filter>
    </None>
    <None Include="Shaders\pointSizeVS.glsl">
      <Filter>Resource Files</Filter>
    </None>
    <None Include="Shaders\cursorFS.glsl">
      <Filter>Resource Files</Filter>
    </None>
    <None Include="Shaders\cursorVS.glsl">
      <Filter>Resource Files</Filter>
    </None>
    <None Include="Shaders\jellyCS.glsl">
      <Filter>Resource Files</Filter>
    </None>
    <None Include="Shaders\phongFS.glsl">
      <Filter>Resource Files</Filter>
    </None>
    <None Include="Shaders\phongVS.glsl">
      <Filter>Resource Files</Filter>
    </None>
  </ItemGroup>
</Project>