<?xml version="1.0" encoding="utf-8"?>
<Project ToolsVersion="4.0" xmlns="http://schemas.microsoft.com/developer/msbuild/2003">
  <ItemGroup>
    <Filter Include="Source Files">
      <UniqueIdentifier>{4FC737F1-C7A5-4376-A066-2A32D752A2FF}</UniqueIdentifier>
      <Extensions>cpp;c;cc;cxx;c++;cppm;ixx;def;odl;idl;hpj;bat;asm;asmx</Extensions>
    </Filter>
    <Filter Include="Header Files">
      <UniqueIdentifier>{93995380-89BD-4b04-88EB-625FBE52EBFB}</UniqueIdentifier>
      <Extensions>h;hh;hpp;hxx;h++;hm;inl;inc;ipp;xsd</Extensions>
    </Filter>
    <Filter Include="Resource Files">
      <UniqueIdentifier>{67DA6AB6-F800-4c08-8B7A-83BB121AAD01}</UniqueIdentifier>
      <Extensions>rc;ico;cur;bmp;dlg;rc2;rct;bin;rgs;gif;jpg;jpeg;jpe;resx;tiff;tif;png;wav;mfcribbon-ms</Extensions>
    </Filter>
    <Filter Include="Header Files\Imgui">
      <UniqueIdentifier>{18171c24-e3df-4709-9139-f49a03d7122d}</UniqueIdentifier>
    </Filter>
    <Filter Include="Source Files\Imgui">
      <UniqueIdentifier>{c12666d2-cd3b-419e-ac52-664667142646}</UniqueIdentifier>
    </Filter>
    <Filter Include="Header Files\Implot">
      <UniqueIdentifier>{6dcfcdb8-3673-4aaa-901a-20238a49984e}</UniqueIdentifier>
    </Filter>
    <Filter Include="Source Files\Implot">
      <UniqueIdentifier>{fb4a6ded-4352-4a4e-a1a1-cd1aa6217b92}</UniqueIdentifier>
    </Filter>
    <Filter Include="Resource Files\Shaders">
      <UniqueIdentifier>{dba32e77-50eb-40db-8bdf-9570eccccd19}</UniqueIdentifier>
    </Filter>
    <Filter Include="Resource Files\Models">
      <UniqueIdentifier>{c4d513fe-9fe8-4bc3-9b58-8be0fc2808dc}</UniqueIdentifier>
    </Filter>
    <Filter Include="Resource Files\Textures">
      <UniqueIdentifier>{61ed3108-c6fc-45d2-8169-8eb4f5c490ed}</UniqueIdentifier>
    </Filter>
    <Filter Include="Source Files\Jelly">
      <UniqueIdentifier>{1369b684-b877-4949-ad1d-66c2f6b30b34}</UniqueIdentifier>
    </Filter>
    <Filter Include="Source Files\Whirligig">
      <UniqueIdentifier>{43a9e04f-661b-4b10-908c-be903ac1b26e}</UniqueIdentifier>
    </Filter>
    <Filter Include="Source Files\KinematicChain">
      <UniqueIdentifier>{cb3769b1-6800-40bd-a529-d0811871e01f}</UniqueIdentifier>
    </Filter>
    <Filter Include="Source Files\Spring">
      <UniqueIdentifier>{a9023169-d3bb-4957-adc6-8806ef074375}</UniqueIdentifier>
    </Filter>
    <Filter Include="Source Files\Interpolation">
      <UniqueIdentifier>{c34fff13-5d5e-4f23-adb3-f1904d166254}</UniqueIdentifier>
    </Filter>
    <Filter Include="Source Files\Utils">
      <UniqueIdentifier>{d0c62202-a5c6-43ec-bc2c-30688eea7c92}</UniqueIdentifier>
    </Filter>
    <Filter Include="Source Files\Puma">
      <UniqueIdentifier>{5824ead5-aed6-4a55-bfa6-3047ed8cfd69}</UniqueIdentifier>
    </Filter>
    <Filter Include="Source Files\BlackHole">
      <UniqueIdentifier>{a72c89d7-8039-4267-afdb-b48cd9e89d3d}</UniqueIdentifier>
    </Filter>
  </ItemGroup>
  <ItemGroup>
    <ClCompile Include="application.cpp">
      <Filter>Source Files</Filter>
    </ClCompile>
    <ClCompile Include="main.cpp">
      <Filter>Source Files</Filter>
    </ClCompile>
    <ClCompile Include="ShaderHolder.cpp">
      <Filter>Source Files</Filter>
    </ClCompile>
    <ClCompile Include="Imgui\imgui.cpp">
      <Filter>Source Files\Imgui</Filter>
    </ClCompile>
    <ClCompile Include="Imgui\imgui_demo.cpp">
      <Filter>Source Files\Imgui</Filter>
    </ClCompile>
    <ClCompile Include="Imgui\imgui_draw.cpp">
      <Filter>Source Files\Imgui</Filter>
    </ClCompile>
    <ClCompile Include="Imgui\imgui_impl_glfw.cpp">
      <Filter>Source Files\Imgui</Filter>
    </ClCompile>
    <ClCompile Include="Imgui\imgui_impl_opengl3.cpp">
      <Filter>Source Files\Imgui</Filter>
    </ClCompile>
    <ClCompile Include="Imgui\imgui_stdlib.cpp">
      <Filter>Source Files\Imgui</Filter>
    </ClCompile>
    <ClCompile Include="Imgui\imgui_tables.cpp">
      <Filter>Source Files\Imgui</Filter>
    </ClCompile>
    <ClCompile Include="Imgui\imgui_widgets.cpp">
      <Filter>Source Files\Imgui</Filter>
    </ClCompile>
    <ClCompile Include="Implot\implot.cpp">
      <Filter>Source Files\Implot</Filter>
    </ClCompile>
    <ClCompile Include="Implot\implot_demo.cpp">
      <Filter>Source Files\Implot</Filter>
    </ClCompile>
    <ClCompile Include="Implot\implot_items.cpp">
      <Filter>Source Files\Implot</Filter>
    </ClCompile>
    <ClCompile Include="Object.cpp">
      <Filter>Source Files</Filter>
    </ClCompile>
    <ClCompile Include="Plane.cpp">
      <Filter>Source Files</Filter>
    </ClCompile>
    <ClCompile Include="Duck.cpp">
      <Filter>Source Files\Jelly</Filter>
    </ClCompile>
    <ClCompile Include="Jelly.cpp">
      <Filter>Source Files\Jelly</Filter>
    </ClCompile>
    <ClCompile Include="JellyScene.cpp">
      <Filter>Source Files\Jelly</Filter>
    </ClCompile>
    <ClCompile Include="ControlCube.cpp">
      <Filter>Source Files\Jelly</Filter>
    </ClCompile>
    <ClCompile Include="BezierCube.cpp">
      <Filter>Source Files\Jelly</Filter>
    </ClCompile>
    <ClCompile Include="WhirligigScene.cpp">
      <Filter>Source Files\Whirligig</Filter>
    </ClCompile>
    <ClCompile Include="WhirligigSimulator.cpp">
      <Filter>Source Files\Whirligig</Filter>
    </ClCompile>
    <ClCompile Include="WhirligigCube.cpp">
      <Filter>Source Files\Whirligig</Filter>
    </ClCompile>
    <ClCompile Include="Arm.cpp">
      <Filter>Source Files\KinematicChain</Filter>
    </ClCompile>
    <ClCompile Include="Block.cpp">
      <Filter>Source Files\KinematicChain</Filter>
    </ClCompile>
    <ClCompile Include="KinematicChainScene.cpp">
      <Filter>Source Files\KinematicChain</Filter>
    </ClCompile>
    <ClCompile Include="Trajectory.cpp">
      <Filter>Source Files\Whirligig</Filter>
    </ClCompile>
    <ClCompile Include="Quaternion.cpp">
      <Filter>Source Files\Interpolation</Filter>
    </ClCompile>
    <ClCompile Include="InterpolationScene.cpp">
      <Filter>Source Files\Interpolation</Filter>
    </ClCompile>
    <ClCompile Include="SpringSimulator.cpp">
      <Filter>Source Files\Spring</Filter>
    </ClCompile>
    <ClCompile Include="Cursor.cpp">
      <Filter>Source Files\Interpolation</Filter>
    </ClCompile>
    <ClCompile Include="Cube.cpp">
      <Filter>Source Files</Filter>
    </ClCompile>
    <ClCompile Include="light.cpp">
      <Filter>Source Files\Jelly</Filter>
    </ClCompile>
    <ClCompile Include="camera.cpp">
      <Filter>Source Files\Utils</Filter>
    </ClCompile>
    <ClCompile Include="device.cpp">
      <Filter>Source Files\Utils</Filter>
    </ClCompile>
    <ClCompile Include="imGuiBuilder.cpp">
      <Filter>Source Files\Utils</Filter>
    </ClCompile>
    <ClCompile Include="glad.c">
      <Filter>Source Files\Utils</Filter>
    </ClCompile>
    <ClCompile Include="mat.cpp">
      <Filter>Source Files\Utils</Filter>
    </ClCompile>
    <ClCompile Include="scene.cpp">
      <Filter>Source Files\Utils</Filter>
    </ClCompile>
    <ClCompile Include="shader.cpp">
      <Filter>Source Files\Utils</Filter>
    </ClCompile>
    <ClCompile Include="utils.cpp">
      <Filter>Source Files\Utils</Filter>
    </ClCompile>
    <ClCompile Include="ViewFrustrum.cpp">
      <Filter>Source Files\Utils</Filter>
    </ClCompile>
    <ClCompile Include="window.cpp">
      <Filter>Source Files\Utils</Filter>
    </ClCompile>
    <ClCompile Include="PumaScene.cpp">
      <Filter>Source Files\Puma</Filter>
    </ClCompile>
    <ClCompile Include="Grid.cpp">
      <Filter>Source Files</Filter>
    </ClCompile>
    <ClCompile Include="Chain.cpp">
      <Filter>Source Files\Puma</Filter>
    </ClCompile>
    <ClCompile Include="Cylinder.cpp">
      <Filter>Source Files\Puma</Filter>
    </ClCompile>
    <ClCompile Include="Puma.cpp">
      <Filter>Source Files\Puma</Filter>
    </ClCompile>
    <ClCompile Include="PumaEffector.cpp">
      <Filter>Source Files\Puma</Filter>
    </ClCompile>
    <ClCompile Include="HodographScene.cpp">
      <Filter>Source Files</Filter>
    </ClCompile>
    <ClCompile Include="Hodograph.cpp">
      <Filter>Source Files</Filter>
    </ClCompile>
    <ClCompile Include="Line.cpp">
      <Filter>Source Files</Filter>
    </ClCompile>
    <ClCompile Include="Circle.cpp">
      <Filter>Source Files</Filter>
    </ClCompile>
    <ClCompile Include="BlackHoleScene.cpp">
      <Filter>Source Files\BlackHole</Filter>
    </ClCompile>
    <ClCompile Include="Cubemap.cpp">
      <Filter>Source Files</Filter>
    </ClCompile>
    <ClCompile Include="ScreenPlane.cpp">
      <Filter>Source Files</Filter>
    </ClCompile>
  </ItemGroup>
  <ItemGroup>
    <ClInclude Include="application.h">
      <Filter>Header Files</Filter>
    </ClInclude>
    <ClInclude Include="camera.h">
      <Filter>Header Files</Filter>
    </ClInclude>
    <ClInclude Include="device.h">
      <Filter>Header Files</Filter>
    </ClInclude>
    <ClInclude Include="shader.h">
      <Filter>Header Files</Filter>
    </ClInclude>
    <ClInclude Include="ShaderHolder.h">
      <Filter>Header Files</Filter>
    </ClInclude>
    <ClInclude Include="ViewFrustrum.h">
      <Filter>Header Files</Filter>
    </ClInclude>
    <ClInclude Include="window.h">
      <Filter>Header Files</Filter>
    </ClInclude>
    <ClInclude Include="light.h">
      <Filter>Header Files</Filter>
    </ClInclude>
    <ClInclude Include="utils.h">
      <Filter>Header Files</Filter>
    </ClInclude>
    <ClInclude Include="imGuiBuilder.h">
      <Filter>Header Files</Filter>
    </ClInclude>
    <ClInclude Include="mat.h">
      <Filter>Header Files</Filter>
    </ClInclude>
    <ClInclude Include="Imgui\imconfig.h">
      <Filter>Header Files\Imgui</Filter>
    </ClInclude>
    <ClInclude Include="Imgui\imgui.h">
      <Filter>Header Files\Imgui</Filter>
    </ClInclude>
    <ClInclude Include="Imgui\imgui_impl_glfw.h">
      <Filter>Header Files\Imgui</Filter>
    </ClInclude>
    <ClInclude Include="Imgui\imgui_impl_opengl3.h">
      <Filter>Header Files\Imgui</Filter>
    </ClInclude>
    <ClInclude Include="Imgui\imgui_internal.h">
      <Filter>Header Files\Imgui</Filter>
    </ClInclude>
    <ClInclude Include="Imgui\imgui_stdlib.h">
      <Filter>Header Files\Imgui</Filter>
    </ClInclude>
    <ClInclude Include="Imgui\imstb_rectpack.h">
      <Filter>Header Files\Imgui</Filter>
    </ClInclude>
    <ClInclude Include="Imgui\imstb_textedit.h">
      <Filter>Header Files\Imgui</Filter>
    </ClInclude>
    <ClInclude Include="Imgui\imstb_truetype.h">
      <Filter>Header Files\Imgui</Filter>
    </ClInclude>
    <ClInclude Include="scene.h">
      <Filter>Header Files</Filter>
    </ClInclude>
    <ClInclude Include="Implot\implot.h">
      <Filter>Header Files\Implot</Filter>
    </ClInclude>
    <ClInclude Include="Implot\implot_internal.h">
      <Filter>Header Files\Implot</Filter>
    </ClInclude>
    <ClInclude Include="SpringSimulator.h">
      <Filter>Header Files</Filter>
    </ClInclude>
    <ClInclude Include="WhirligigSimulator.h">
      <Filter>Header Files</Filter>
    </ClInclude>
    <ClInclude Include="WhirligigCube.h">
      <Filter>Header Files</Filter>
    </ClInclude>
    <ClInclude Include="Object.h">
      <Filter>Header Files</Filter>
    </ClInclude>
    <ClInclude Include="Plane.h">
      <Filter>Header Files</Filter>
    </ClInclude>
    <ClInclude Include="Trajectory.h">
      <Filter>Header Files</Filter>
    </ClInclude>
    <ClInclude Include="WhirligigScene.h">
      <Filter>Header Files</Filter>
    </ClInclude>
    <ClInclude Include="JellyScene.h">
      <Filter>Header Files</Filter>
    </ClInclude>
    <ClInclude Include="Cube.h">
      <Filter>Header Files</Filter>
    </ClInclude>
    <ClInclude Include="ControlCube.h">
      <Filter>Header Files</Filter>
    </ClInclude>
    <ClInclude Include="BezierCube.h">
      <Filter>Header Files</Filter>
    </ClInclude>
    <ClInclude Include="InterpolationScene.h">
      <Filter>Header Files</Filter>
    </ClInclude>
    <ClInclude Include="Cursor.h">
      <Filter>Header Files</Filter>
    </ClInclude>
    <ClInclude Include="Quaternion.h">
      <Filter>Header Files</Filter>
    </ClInclude>
    <ClInclude Include="KinematicChainScene.h">
      <Filter>Header Files</Filter>
    </ClInclude>
    <ClInclude Include="Arm.h">
      <Filter>Header Files</Filter>
    </ClInclude>
    <ClInclude Include="Block.h">
      <Filter>Header Files</Filter>
    </ClInclude>
    <ClInclude Include="Jelly.h">
      <Filter>Header Files</Filter>
    </ClInclude>
    <ClInclude Include="Duck.h">
      <Filter>Header Files</Filter>
    </ClInclude>
    <ClInclude Include="PumaScene.h">
      <Filter>Header Files</Filter>
    </ClInclude>
    <ClInclude Include="Grid.h">
      <Filter>Header Files</Filter>
    </ClInclude>
    <ClInclude Include="Puma.h">
      <Filter>Header Files</Filter>
    </ClInclude>
    <ClInclude Include="Cylinder.h">
      <Filter>Header Files</Filter>
    </ClInclude>
    <ClInclude Include="Chain.h">
      <Filter>Header Files</Filter>
    </ClInclude>
    <ClInclude Include="PumaEffector.h">
      <Filter>Header Files</Filter>
    </ClInclude>
    <ClInclude Include="HodographScene.h">
      <Filter>Header Files</Filter>
    </ClInclude>
    <ClInclude Include="Hodograph.h">
      <Filter>Header Files</Filter>
    </ClInclude>
    <ClInclude Include="Line.h">
      <Filter>Header Files</Filter>
    </ClInclude>
    <ClInclude Include="Circle.h">
      <Filter>Header Files</Filter>
    </ClInclude>
    <ClInclude Include="BlackHoleScene.h">
      <Filter>Header Files</Filter>
    </ClInclude>
    <ClInclude Include="Cubemap.h">
      <Filter>Header Files</Filter>
    </ClInclude>
    <ClInclude Include="stb_image.h">
      <Filter>Header Files</Filter>
    </ClInclude>
    <ClInclude Include="ScreenPlane.h">
      <Filter>Header Files</Filter>
    </ClInclude>
  </ItemGroup>
  <ItemGroup>
    <None Include="..\README.md">
      <Filter>Resource Files</Filter>
    </None>
  </ItemGroup>
  <ItemGroup>
    <Text Include="Models\duck.txt">
      <Filter>Resource Files\Models</Filter>
    </Text>
  </ItemGroup>
  <ItemGroup>
    <Image Include="Textures\ducktex.jpg">
      <Filter>Resource Files\Textures</Filter>
    </Image>
  </ItemGroup>
  <ItemGroup>
    <CopyFileToFolders Include="Shaders\bezier_cubeFS.glsl">
      <Filter>Resource Files\Shaders</Filter>
    </CopyFileToFolders>
    <CopyFileToFolders Include="Shaders\bezier_cubeTCS.glsl">
      <Filter>Resource Files\Shaders</Filter>
    </CopyFileToFolders>
    <CopyFileToFolders Include="Shaders\bezier_cubeTES.glsl">
      <Filter>Resource Files\Shaders</Filter>
    </CopyFileToFolders>
    <CopyFileToFolders Include="Shaders\bezier_cubeVS.glsl">
      <Filter>Resource Files\Shaders</Filter>
    </CopyFileToFolders>
    <CopyFileToFolders Include="Shaders\bicubicFS.glsl">
      <Filter>Resource Files\Shaders</Filter>
    </CopyFileToFolders>
    <CopyFileToFolders Include="Shaders\bicubicTCS.glsl">
      <Filter>Resource Files\Shaders</Filter>
    </CopyFileToFolders>
    <CopyFileToFolders Include="Shaders\bicubicVS.glsl">
      <Filter>Resource Files\Shaders</Filter>
    </CopyFileToFolders>
    <CopyFileToFolders Include="Shaders\black_holeFS.glsl">
      <Filter>Resource Files\Shaders</Filter>
    </CopyFileToFolders>
    <CopyFileToFolders Include="Shaders\black_holeVS.glsl">
      <Filter>Resource Files\Shaders</Filter>
    </CopyFileToFolders>
    <CopyFileToFolders Include="Shaders\cursorFS.glsl">
      <Filter>Resource Files\Shaders</Filter>
    </CopyFileToFolders>
    <CopyFileToFolders Include="Shaders\cursorVS.glsl">
      <Filter>Resource Files\Shaders</Filter>
    </CopyFileToFolders>
    <CopyFileToFolders Include="Shaders\deCasteljauTES.glsl">
      <Filter>Resource Files\Shaders</Filter>
    </CopyFileToFolders>
    <CopyFileToFolders Include="Shaders\jellyCS.glsl">
      <Filter>Resource Files\Shaders</Filter>
    </CopyFileToFolders>
    <CopyFileToFolders Include="Shaders\point.fs">
      <Filter>Resource Files\Shaders</Filter>
    </CopyFileToFolders>
    <CopyFileToFolders Include="Shaders\point.vs">
      <Filter>Resource Files\Shaders</Filter>
    </CopyFileToFolders>
    <CopyFileToFolders Include="Shaders\pointFS.glsl">
      <Filter>Resource Files\Shaders</Filter>
    </CopyFileToFolders>
    <CopyFileToFolders Include="Shaders\pointSizeVS.glsl">
      <Filter>Resource Files\Shaders</Filter>
    </CopyFileToFolders>
    <CopyFileToFolders Include="Shaders\pointVS.glsl">
      <Filter>Resource Files\Shaders</Filter>
    </CopyFileToFolders>
    <CopyFileToFolders Include="Shaders\simple.fs">
      <Filter>Resource Files\Shaders</Filter>
    </CopyFileToFolders>
    <CopyFileToFolders Include="Shaders\simple.vs">
      <Filter>Resource Files\Shaders</Filter>
    </CopyFileToFolders>
  </ItemGroup>
</Project>